
Microsoft Visual Studio Solution File, Format Version 12.00
# Visual Studio Version 17
VisualStudioVersion = 17.8.34322.80
MinimumVisualStudioVersion = 10.0.40219.1
Project("{FAE04EC0-301F-11D3-BF4B-00C04F79EFBC}") = "Schooldatabase", "Schooldatabase\Schooldatabase.csproj", "{9E97EDCF-F571-4691-9CD6-3B624876F984}"
EndProject
Global
	GlobalSection(SolutionConfigurationPlatforms) = preSolution
		Debug|Any CPU = Debug|Any CPU
		Release|Any CPU = Release|Any CPU
	EndGlobalSection
	GlobalSection(ProjectConfigurationPlatforms) = postSolution
		{9E97EDCF-F571-4691-9CD6-3B624876F984}.Debug|Any CPU.ActiveCfg = Debug|Any CPU
		{9E97EDCF-F571-4691-9CD6-3B624876F984}.Debug|Any CPU.Build.0 = Debug|Any CPU
		{9E97EDCF-F571-4691-9CD6-3B624876F984}.Release|Any CPU.ActiveCfg = Release|Any CPU
		{9E97EDCF-F571-4691-9CD6-3B624876F984}.Release|Any CPU.Build.0 = Release|Any CPU
	EndGlobalSection
	GlobalSection(SolutionProperties) = preSolution
		HideSolutionNode = FALSE
	EndGlobalSection
	GlobalSection(ExtensibilityGlobals) = postSolution
		SolutionGuid = {421281A2-15A5-4372-9D21-B4C183B14DD1}
	EndGlobalSection
EndGlobal
